
Microsoft Visual Studio Solution File, Format Version 10.00
# Visual Studio 2008
Project("{8BC9CEB8-8B4A-11D0-8D11-00A0C91BC942}") = "NuWriter", "NuWriter\NuWriter.vcproj", "{E577BC12-2EFC-4F58-B2C5-5CC9FA0B11D6}"
EndProject
Global
	GlobalSection(SolutionConfigurationPlatforms) = preSolution
		Debug|Win32 = Debug|Win32
		Release|Win32 = Release|Win32
	EndGlobalSection
	GlobalSection(ProjectConfigurationPlatforms) = postSolution
		{E577BC12-2EFC-4F58-B2C5-5CC9FA0B11D6}.Debug|Win32.ActiveCfg = Debug|Win32
		{E577BC12-2EFC-4F58-B2C5-5CC9FA0B11D6}.Debug|Win32.Build.0 = Debug|Win32
		{E577BC12-2EFC-4F58-B2C5-5CC9FA0B11D6}.Release|Win32.ActiveCfg = Release|Win32
		{E577BC12-2EFC-4F58-B2C5-5CC9FA0B11D6}.Release|Win32.Build.0 = Release|Win32
	EndGlobalSection
	GlobalSection(SolutionProperties) = preSolution
		HideSolutionNode = FALSE
	EndGlobalSection
EndGlobal
